
Microsoft Visual Studio Solution File, Format Version 12.00
# Visual Studio Version 17
VisualStudioVersion = 17.4.33205.214
MinimumVisualStudioVersion = 10.0.40219.1
Project("{9A19103F-16F7-4668-BE54-9A1E7A4F7556}") = "FootballLeagueLib", "FootballLeague\FootballLeagueLib.csproj", "{4ED385BC-2993-431E-BCE9-9A56F3C29101}"
EndProject
Project("{9A19103F-16F7-4668-BE54-9A1E7A4F7556}") = "FootballLeagueWPFAplication", "FootballLeagueWPFAplication\FootballLeagueWPFAplication.csproj", "{E4961559-5F9A-4147-B687-DA391DF69911}"
EndProject
Project("{9A19103F-16F7-4668-BE54-9A1E7A4F7556}") = "FootballLeague.IntegrationTests", "FootballLeague.IntegrationTests\FootballLeague.IntegrationTests.csproj", "{CC301AE4-D97D-4147-9A86-F0E7162FF0FE}"
EndProject
Global
	GlobalSection(SolutionConfigurationPlatforms) = preSolution
		Debug|Any CPU = Debug|Any CPU
		Release|Any CPU = Release|Any CPU
	EndGlobalSection
	GlobalSection(ProjectConfigurationPlatforms) = postSolution
		{4ED385BC-2993-431E-BCE9-9A56F3C29101}.Debug|Any CPU.ActiveCfg = Debug|Any CPU
		{4ED385BC-2993-431E-BCE9-9A56F3C29101}.Debug|Any CPU.Build.0 = Debug|Any CPU
		{4ED385BC-2993-431E-BCE9-9A56F3C29101}.Release|Any CPU.ActiveCfg = Release|Any CPU
		{4ED385BC-2993-431E-BCE9-9A56F3C29101}.Release|Any CPU.Build.0 = Release|Any CPU
		{E4961559-5F9A-4147-B687-DA391DF69911}.Debug|Any CPU.ActiveCfg = Debug|Any CPU
		{E4961559-5F9A-4147-B687-DA391DF69911}.Debug|Any CPU.Build.0 = Debug|Any CPU
		{E4961559-5F9A-4147-B687-DA391DF69911}.Release|Any CPU.ActiveCfg = Release|Any CPU
		{E4961559-5F9A-4147-B687-DA391DF69911}.Release|Any CPU.Build.0 = Release|Any CPU
		{CC301AE4-D97D-4147-9A86-F0E7162FF0FE}.Debug|Any CPU.ActiveCfg = Debug|Any CPU
		{CC301AE4-D97D-4147-9A86-F0E7162FF0FE}.Debug|Any CPU.Build.0 = Debug|Any CPU
		{CC301AE4-D97D-4147-9A86-F0E7162FF0FE}.Release|Any CPU.ActiveCfg = Release|Any CPU
		{CC301AE4-D97D-4147-9A86-F0E7162FF0FE}.Release|Any CPU.Build.0 = Release|Any CPU
	EndGlobalSection
	GlobalSection(SolutionProperties) = preSolution
		HideSolutionNode = FALSE
	EndGlobalSection
	GlobalSection(ExtensibilityGlobals) = postSolution
		SolutionGuid = {DF562FAF-91C4-4826-906B-219A41996645}
	EndGlobalSection
EndGlobal
